
Microsoft Visual Studio Solution File, Format Version 12.00
# Visual Studio Version 16
VisualStudioVersion = 16.0.32802.440
MinimumVisualStudioVersion = 10.0.40219.1
Project("{FAE04EC0-301F-11D3-BF4B-00C04F79EFBC}") = "SocietyManagement", "SocietyManagement.csproj", "{53D5CF49-0E7E-43FD-95C8-C1EEE41B4FF0}"
EndProject
Global
	GlobalSection(SolutionConfigurationPlatforms) = preSolution
		Debug|Any CPU = Debug|Any CPU
		Release|Any CPU = Release|Any CPU
	EndGlobalSection
	GlobalSection(ProjectConfigurationPlatforms) = postSolution
		{53D5CF49-0E7E-43FD-95C8-C1EEE41B4FF0}.Debug|Any CPU.ActiveCfg = Debug|Any CPU
		{53D5CF49-0E7E-43FD-95C8-C1EEE41B4FF0}.Debug|Any CPU.Build.0 = Debug|Any CPU
		{53D5CF49-0E7E-43FD-95C8-C1EEE41B4FF0}.Release|Any CPU.ActiveCfg = Release|Any CPU
		{53D5CF49-0E7E-43FD-95C8-C1EEE41B4FF0}.Release|Any CPU.Build.0 = Release|Any CPU
	EndGlobalSection
	GlobalSection(SolutionProperties) = preSolution
		HideSolutionNode = FALSE
	EndGlobalSection
	GlobalSection(ExtensibilityGlobals) = postSolution
		SolutionGuid = {556E9D87-61EC-4A06-817E-8D44A030DEE1}
	EndGlobalSection
EndGlobal
